
Microsoft Visual Studio Solution File, Format Version 12.00
# Visual Studio Version 16
VisualStudioVersion = 16.0.31105.61
MinimumVisualStudioVersion = 10.0.40219.1
Project("{FAE04EC0-301F-11D3-BF4B-00C04F79EFBC}") = "Zadanie2.net", "Zadanie2.net\Zadanie2.net.csproj", "{CA1171B8-45BE-491F-A589-857B32030F96}"
EndProject
Global
	GlobalSection(SolutionConfigurationPlatforms) = preSolution
		Debug|Any CPU = Debug|Any CPU
		Release|Any CPU = Release|Any CPU
	EndGlobalSection
	GlobalSection(ProjectConfigurationPlatforms) = postSolution
		{CA1171B8-45BE-491F-A589-857B32030F96}.Debug|Any CPU.ActiveCfg = Debug|Any CPU
		{CA1171B8-45BE-491F-A589-857B32030F96}.Debug|Any CPU.Build.0 = Debug|Any CPU
		{CA1171B8-45BE-491F-A589-857B32030F96}.Release|Any CPU.ActiveCfg = Release|Any CPU
		{CA1171B8-45BE-491F-A589-857B32030F96}.Release|Any CPU.Build.0 = Release|Any CPU
	EndGlobalSection
	GlobalSection(SolutionProperties) = preSolution
		HideSolutionNode = FALSE
	EndGlobalSection
	GlobalSection(ExtensibilityGlobals) = postSolution
		SolutionGuid = {8C76247E-D840-49A4-B100-4783A6C6C11C}
	EndGlobalSection
EndGlobal
